{
  "lockfileVersion": 1,
  "workspaces": {
    "": {
      "name": "deeplens-language-server",
      "dependencies": {
        "@sqlite.org/sqlite-wasm": "^3.51.2-build2",
        "@vscode/ripgrep": "^1.17.0",
        "fuzzysort": "^3.1.0",
        "glob": "^13.0.0",
        "minimatch": "^10.1.1",
        "tree-sitter-c": "^0.24.1",
        "tree-sitter-c-sharp": "^0.23.1",
        "tree-sitter-cpp": "^0.23.4",
        "tree-sitter-go": "^0.25.0",
        "tree-sitter-java": "^0.23.5",
        "tree-sitter-javascript": "^0.25.0",
        "tree-sitter-php": "^0.24.2",
        "tree-sitter-python": "^0.25.0",
        "tree-sitter-ruby": "^0.23.1",
        "tree-sitter-typescript": "^0.23.2",
        "vscode-languageserver": "^9.0.1",
        "vscode-languageserver-textdocument": "^1.0.12",
        "web-tree-sitter": "^0.26.3",
      },
      "devDependencies": {
        "@types/better-sqlite3": "^7.6.13",
        "@types/node": "^25.0.3",
        "@types/vscode": "^1.85.0",
        "typescript": "^5.9.3",
      },
    },
  },
  "packages": {
    "@isaacs/balanced-match": ["@isaacs/balanced-match@4.0.1", "", {}, "sha512-yzMTt9lEb8Gv7zRioUilSglI0c0smZ9k5D65677DLWLtWJaXIS3CqcGyUFByYKlnUj6TkjLVs54fBl6+TiGQDQ=="],

    "@isaacs/brace-expansion": ["@isaacs/brace-expansion@5.0.0", "", { "dependencies": { "@isaacs/balanced-match": "^4.0.1" } }, "sha512-ZT55BDLV0yv0RBm2czMiZ+SqCGO7AvmOM3G/w2xhVPH+te0aKgFjmBvGlL1dH+ql2tgGO3MVrbb3jCKyvpgnxA=="],

    "@sqlite.org/sqlite-wasm": ["@sqlite.org/sqlite-wasm@3.51.2-build2", "", {}, "sha512-OUPdmqb+BS+244dGrkqV8gn5A5qHzD1XF94TIJngBBHFUSb6Km/su5mEo1GqxYKBNjIQJkoCFJ0rqHwtmnvrew=="],

    "@types/better-sqlite3": ["@types/better-sqlite3@7.6.13", "", { "dependencies": { "@types/node": "*" } }, "sha512-NMv9ASNARoKksWtsq/SHakpYAYnhBrQgGD8zkLYk/jaK8jUGn08CfEdTRgYhMypUQAfzSP8W6gNLe0q19/t4VA=="],

    "@types/node": ["@types/node@25.0.9", "", { "dependencies": { "undici-types": "~7.16.0" } }, "sha512-/rpCXHlCWeqClNBwUhDcusJxXYDjZTyE8v5oTO7WbL8eij2nKhUeU89/6xgjU7N4/Vh3He0BtyhJdQbDyhiXAw=="],

    "@types/vscode": ["@types/vscode@1.108.1", "", {}, "sha512-DerV0BbSzt87TbrqmZ7lRDIYaMiqvP8tmJTzW2p49ZBVtGUnGAu2RGQd1Wv4XMzEVUpaHbsemVM5nfuQJj7H6w=="],

    "@vscode/ripgrep": ["@vscode/ripgrep@1.17.0", "", { "dependencies": { "https-proxy-agent": "^7.0.2", "proxy-from-env": "^1.1.0", "yauzl": "^2.9.2" } }, "sha512-mBRKm+ASPkUcw4o9aAgfbusIu6H4Sdhw09bjeP1YOBFTJEZAnrnk6WZwzv8NEjgC82f7ILvhmb1WIElSugea6g=="],

    "agent-base": ["agent-base@7.1.4", "", {}, "sha512-MnA+YT8fwfJPgBx3m60MNqakm30XOkyIoH1y6huTQvC0PwZG7ki8NacLBcrPbNoo8vEZy7Jpuk7+jMO+CUovTQ=="],

    "buffer-crc32": ["buffer-crc32@0.2.13", "", {}, "sha512-VO9Ht/+p3SN7SKWqcrgEzjGbRSJYTx+Q1pTQC0wrWqHx0vpJraQ6GtHx8tvcg1rlK1byhU5gccxgOgj7B0TDkQ=="],

    "debug": ["debug@4.4.3", "", { "dependencies": { "ms": "^2.1.3" } }, "sha512-RGwwWnwQvkVfavKVt22FGLw+xYSdzARwm0ru6DhTVA3umU5hZc28V3kO4stgYryrTlLpuvgI9GiijltAjNbcqA=="],

    "fd-slicer": ["fd-slicer@1.1.0", "", { "dependencies": { "pend": "~1.2.0" } }, "sha512-cE1qsB/VwyQozZ+q1dGxR8LBYNZeofhEdUNGSMbQD3Gw2lAzX9Zb3uIU6Ebc/Fmyjo9AWWfnn0AUCHqtevs/8g=="],

    "fuzzysort": ["fuzzysort@3.1.0", "", {}, "sha512-sR9BNCjBg6LNgwvxlBd0sBABvQitkLzoVY9MYYROQVX/FvfJ4Mai9LsGhDgd8qYdds0bY77VzYd5iuB+v5rwQQ=="],

    "glob": ["glob@13.0.0", "", { "dependencies": { "minimatch": "^10.1.1", "minipass": "^7.1.2", "path-scurry": "^2.0.0" } }, "sha512-tvZgpqk6fz4BaNZ66ZsRaZnbHvP/jG3uKJvAZOwEVUL4RTA5nJeeLYfyN9/VA8NX/V3IBG+hkeuGpKjvELkVhA=="],

    "https-proxy-agent": ["https-proxy-agent@7.0.6", "", { "dependencies": { "agent-base": "^7.1.2", "debug": "4" } }, "sha512-vK9P5/iUfdl95AI+JVyUuIcVtd4ofvtrOr3HNtM2yxC9bnMbEdp3x01OhQNnjb8IJYi38VlTE3mBXwcfvywuSw=="],

    "lru-cache": ["lru-cache@11.2.4", "", {}, "sha512-B5Y16Jr9LB9dHVkh6ZevG+vAbOsNOYCX+sXvFWFu7B3Iz5mijW3zdbMyhsh8ANd2mSWBYdJgnqi+mL7/LrOPYg=="],

    "minimatch": ["minimatch@10.1.1", "", { "dependencies": { "@isaacs/brace-expansion": "^5.0.0" } }, "sha512-enIvLvRAFZYXJzkCYG5RKmPfrFArdLv+R+lbQ53BmIMLIry74bjKzX6iHAm8WYamJkhSSEabrWN5D97XnKObjQ=="],

    "minipass": ["minipass@7.1.2", "", {}, "sha512-qOOzS1cBTWYF4BH8fVePDBOO9iptMnGUEZwNc/cMWnTV2nVLZ7VoNWEPHkYczZA0pdoA7dl6e7FL659nX9S2aw=="],

    "ms": ["ms@2.1.3", "", {}, "sha512-6FlzubTLZG3J2a/NVCAleEhjzq5oxgHyaCU9yYXvcLsvoVaHJq/s5xXI6/XXP6tz7R9xAOtHnSO/tXtF3WRTlA=="],

    "node-addon-api": ["node-addon-api@8.5.0", "", {}, "sha512-/bRZty2mXUIFY/xU5HLvveNHlswNJej+RnxBjOMkidWfwZzgTbPG1E3K5TOxRLOR+5hX7bSofy8yf1hZevMS8A=="],

    "node-gyp-build": ["node-gyp-build@4.8.4", "", { "bin": { "node-gyp-build": "bin.js", "node-gyp-build-optional": "optional.js", "node-gyp-build-test": "build-test.js" } }, "sha512-LA4ZjwlnUblHVgq0oBF3Jl/6h/Nvs5fzBLwdEF4nuxnFdsfajde4WfxtJr3CaiH+F6ewcIB/q4jQ4UzPyid+CQ=="],

    "path-scurry": ["path-scurry@2.0.1", "", { "dependencies": { "lru-cache": "^11.0.0", "minipass": "^7.1.2" } }, "sha512-oWyT4gICAu+kaA7QWk/jvCHWarMKNs6pXOGWKDTr7cw4IGcUbW+PeTfbaQiLGheFRpjo6O9J0PmyMfQPjH71oA=="],

    "pend": ["pend@1.2.0", "", {}, "sha512-F3asv42UuXchdzt+xXqfW1OGlVBe+mxa2mqI0pg5yAHZPvFmY3Y6drSf/GQ1A86WgWEN9Kzh/WrgKa6iGcHXLg=="],

    "proxy-from-env": ["proxy-from-env@1.1.0", "", {}, "sha512-D+zkORCbA9f1tdWRK0RaCR3GPv50cMxcrz4X8k5LTSUD1Dkw47mKJEZQNunItRTkWwgtaUSo1RVFRIG9ZXiFYg=="],

    "tree-sitter-c": ["tree-sitter-c@0.24.1", "", { "dependencies": { "node-addon-api": "^8.3.1", "node-gyp-build": "^4.8.4" }, "peerDependencies": { "tree-sitter": "^0.22.4" }, "optionalPeers": ["tree-sitter"] }, "sha512-lkYwWN3SRecpvaeqmFKkuPNR3ZbtnvHU+4XAEEkJdrp3JfSp2pBrhXOtvfsENUneye76g889Y0ddF2DM0gEDpA=="],

    "tree-sitter-c-sharp": ["tree-sitter-c-sharp@0.23.1", "", { "dependencies": { "node-addon-api": "^8.2.2", "node-gyp-build": "^4.8.2" }, "peerDependencies": { "tree-sitter": "^0.21.1" }, "optionalPeers": ["tree-sitter"] }, "sha512-9zZ4FlcTRWWfRf6f4PgGhG8saPls6qOOt75tDfX7un9vQZJmARjPrAC6yBNCX2T/VKcCjIDbgq0evFaB3iGhQw=="],

    "tree-sitter-cpp": ["tree-sitter-cpp@0.23.4", "", { "dependencies": { "node-addon-api": "^8.2.1", "node-gyp-build": "^4.8.2", "tree-sitter-c": "^0.23.1" }, "peerDependencies": { "tree-sitter": "^0.21.1" }, "optionalPeers": ["tree-sitter"] }, "sha512-qR5qUDyhZ5jJ6V8/umiBxokRbe89bCGmcq/dk94wI4kN86qfdV8k0GHIUEKaqWgcu42wKal5E97LKpLeVW8sKw=="],

    "tree-sitter-go": ["tree-sitter-go@0.25.0", "", { "dependencies": { "node-addon-api": "^8.3.1", "node-gyp-build": "^4.8.4" }, "peerDependencies": { "tree-sitter": "^0.25.0" }, "optionalPeers": ["tree-sitter"] }, "sha512-APBc/Dq3xz/e35Xpkhb1blu5UgW+2E3RyGWawZSCNcbGwa7jhSQPS8KsUupuzBla8PCo8+lz9W/JDJjmfRa2tw=="],

    "tree-sitter-java": ["tree-sitter-java@0.23.5", "", { "dependencies": { "node-addon-api": "^8.2.2", "node-gyp-build": "^4.8.2" }, "peerDependencies": { "tree-sitter": "^0.21.1" }, "optionalPeers": ["tree-sitter"] }, "sha512-Yju7oQ0Xx7GcUT01mUglPP+bYfvqjNCGdxqigTnew9nLGoII42PNVP3bHrYeMxswiCRM0yubWmN5qk+zsg0zMA=="],

    "tree-sitter-javascript": ["tree-sitter-javascript@0.25.0", "", { "dependencies": { "node-addon-api": "^8.3.1", "node-gyp-build": "^4.8.4" }, "peerDependencies": { "tree-sitter": "^0.25.0" }, "optionalPeers": ["tree-sitter"] }, "sha512-1fCbmzAskZkxcZzN41sFZ2br2iqTYP3tKls1b/HKGNPQUVOpsUxpmGxdN/wMqAk3jYZnYBR1dd/y/0avMeU7dw=="],

    "tree-sitter-php": ["tree-sitter-php@0.24.2", "", { "dependencies": { "node-addon-api": "^8.2.2", "node-gyp-build": "^4.8.2" }, "peerDependencies": { "tree-sitter": "^0.22.4" }, "optionalPeers": ["tree-sitter"] }, "sha512-zwgAePc/HozNaWOOfwRAA+3p8yhuehRw8Fb7vn5qd2XjiIc93uJPryDTMYTSjBRjVIUg/KY6pM3rRzs8dSwKfw=="],

    "tree-sitter-python": ["tree-sitter-python@0.25.0", "", { "dependencies": { "node-addon-api": "^8.5.0", "node-gyp-build": "^4.8.4" }, "peerDependencies": { "tree-sitter": "^0.25.0" }, "optionalPeers": ["tree-sitter"] }, "sha512-eCmJx6zQa35GxaCtQD+wXHOhYqBxEL+bp71W/s3fcDMu06MrtzkVXR437dRrCrbrDbyLuUDJpAgycs7ncngLXw=="],

    "tree-sitter-ruby": ["tree-sitter-ruby@0.23.1", "", { "dependencies": { "node-addon-api": "^8.2.2", "node-gyp-build": "^4.8.2" }, "peerDependencies": { "tree-sitter": "^0.21.1" }, "optionalPeers": ["tree-sitter"] }, "sha512-d9/RXgWjR6HanN7wTYhS5bpBQLz1VkH048Vm3CodPGyJVnamXMGb8oEhDypVCBq4QnHui9sTXuJBBP3WtCw5RA=="],

    "tree-sitter-typescript": ["tree-sitter-typescript@0.23.2", "", { "dependencies": { "node-addon-api": "^8.2.2", "node-gyp-build": "^4.8.2", "tree-sitter-javascript": "^0.23.1" }, "peerDependencies": { "tree-sitter": "^0.21.0" }, "optionalPeers": ["tree-sitter"] }, "sha512-e04JUUKxTT53/x3Uq1zIL45DoYKVfHH4CZqwgZhPg5qYROl5nQjV+85ruFzFGZxu+QeFVbRTPDRnqL9UbU4VeA=="],

    "typescript": ["typescript@5.9.3", "", { "bin": { "tsc": "bin/tsc", "tsserver": "bin/tsserver" } }, "sha512-jl1vZzPDinLr9eUt3J/t7V6FgNEw9QjvBPdysz9KfQDD41fQrC2Y4vKQdiaUpFT4bXlb1RHhLpp8wtm6M5TgSw=="],

    "undici-types": ["undici-types@7.16.0", "", {}, "sha512-Zz+aZWSj8LE6zoxD+xrjh4VfkIG8Ya6LvYkZqtUQGJPZjYl53ypCaUwWqo7eI0x66KBGeRo+mlBEkMSeSZ38Nw=="],

    "vscode-jsonrpc": ["vscode-jsonrpc@8.2.0", "", {}, "sha512-C+r0eKJUIfiDIfwJhria30+TYWPtuHJXHtI7J0YlOmKAo7ogxP20T0zxB7HZQIFhIyvoBPwWskjxrvAtfjyZfA=="],

    "vscode-languageserver": ["vscode-languageserver@9.0.1", "", { "dependencies": { "vscode-languageserver-protocol": "3.17.5" }, "bin": { "installServerIntoExtension": "bin/installServerIntoExtension" } }, "sha512-woByF3PDpkHFUreUa7Hos7+pUWdeWMXRd26+ZX2A8cFx6v/JPTtd4/uN0/jB6XQHYaOlHbio03NTHCqrgG5n7g=="],

    "vscode-languageserver-protocol": ["vscode-languageserver-protocol@3.17.5", "", { "dependencies": { "vscode-jsonrpc": "8.2.0", "vscode-languageserver-types": "3.17.5" } }, "sha512-mb1bvRJN8SVznADSGWM9u/b07H7Ecg0I3OgXDuLdn307rl/J3A9YD6/eYOssqhecL27hK1IPZAsaqh00i/Jljg=="],

    "vscode-languageserver-textdocument": ["vscode-languageserver-textdocument@1.0.12", "", {}, "sha512-cxWNPesCnQCcMPeenjKKsOCKQZ/L6Tv19DTRIGuLWe32lyzWhihGVJ/rcckZXJxfdKCFvRLS3fpBIsV/ZGX4zA=="],

    "vscode-languageserver-types": ["vscode-languageserver-types@3.17.5", "", {}, "sha512-Ld1VelNuX9pdF39h2Hgaeb5hEZM2Z3jUrrMgWQAu82jMtZp7p3vJT3BzToKtZI7NgQssZje5o0zryOrhQvzQAg=="],

    "web-tree-sitter": ["web-tree-sitter@0.26.3", "", {}, "sha512-JIVgIKFS1w6lejxSntCtsS/QsE/ecTS00en809cMxMPxaor6MvUnQ+ovG8uTTTvQCFosSh4MeDdI5bSGw5SoBw=="],

    "yauzl": ["yauzl@2.10.0", "", { "dependencies": { "buffer-crc32": "~0.2.3", "fd-slicer": "~1.1.0" } }, "sha512-p4a9I6X6nu6IhoGmBqAcbJy1mlC4j27vEPZX9F4L4/vZT3Lyq1VkFHw/V/PUcB9Buo+DG3iHkT0x3Qya58zc3g=="],

    "tree-sitter-cpp/tree-sitter-c": ["tree-sitter-c@0.23.6", "", { "dependencies": { "node-addon-api": "^8.3.0", "node-gyp-build": "^4.8.4" }, "peerDependencies": { "tree-sitter": "^0.22.1" }, "optionalPeers": ["tree-sitter"] }, "sha512-0dxXKznVyUA0s6PjNolJNs2yF87O5aL538A/eR6njA5oqX3C3vH4vnx3QdOKwuUdpKEcFdHuiDpRKLLCA/tjvQ=="],

    "tree-sitter-typescript/tree-sitter-javascript": ["tree-sitter-javascript@0.23.1", "", { "dependencies": { "node-addon-api": "^8.2.2", "node-gyp-build": "^4.8.2" }, "peerDependencies": { "tree-sitter": "^0.21.1" }, "optionalPeers": ["tree-sitter"] }, "sha512-/bnhbrTD9frUYHQTiYnPcxyHORIw157ERBa6dqzaKxvR/x3PC4Yzd+D1pZIMS6zNg2v3a8BZ0oK7jHqsQo9fWA=="],
  }
}
